
Microsoft Visual Studio Solution File, Format Version 12.00
# Visual Studio Version 17
VisualStudioVersion = 17.0.32112.339
MinimumVisualStudioVersion = 10.0.40219.1
Project("{8BC9CEB8-8B4A-11D0-8D11-00A0C91BC942}") = "DBS311-PRINCE", "DBS311-PRINCE\DBS311-PRINCE.vcxproj", "{9F52BD43-2E88-4B4A-907F-2B324DAA95DA}"
EndProject
Global
	GlobalSection(SolutionConfigurationPlatforms) = preSolution
		Debug|x64 = Debug|x64
		Debug|x86 = Debug|x86
		Release|x64 = Release|x64
		Release|x86 = Release|x86
	EndGlobalSection
	GlobalSection(ProjectConfigurationPlatforms) = postSolution
		{9F52BD43-2E88-4B4A-907F-2B324DAA95DA}.Debug|x64.ActiveCfg = Debug|x64
		{9F52BD43-2E88-4B4A-907F-2B324DAA95DA}.Debug|x64.Build.0 = Debug|x64
		{9F52BD43-2E88-4B4A-907F-2B324DAA95DA}.Debug|x86.ActiveCfg = Debug|Win32
		{9F52BD43-2E88-4B4A-907F-2B324DAA95DA}.Debug|x86.Build.0 = Debug|Win32
		{9F52BD43-2E88-4B4A-907F-2B324DAA95DA}.Release|x64.ActiveCfg = Release|x64
		{9F52BD43-2E88-4B4A-907F-2B324DAA95DA}.Release|x64.Build.0 = Release|x64
		{9F52BD43-2E88-4B4A-907F-2B324DAA95DA}.Release|x86.ActiveCfg = Release|Win32
		{9F52BD43-2E88-4B4A-907F-2B324DAA95DA}.Release|x86.Build.0 = Release|Win32
	EndGlobalSection
	GlobalSection(SolutionProperties) = preSolution
		HideSolutionNode = FALSE
	EndGlobalSection
	GlobalSection(ExtensibilityGlobals) = postSolution
		SolutionGuid = {A79C64C4-11CD-4586-8EA5-954DAA8FF541}
	EndGlobalSection
EndGlobal
